
Microsoft Visual Studio Solution File, Format Version 12.00
# Visual Studio Version 16
VisualStudioVersion = 16.0.31729.503
MinimumVisualStudioVersion = 10.0.40219.1
Project("{9A19103F-16F7-4668-BE54-9A1E7A4F7556}") = "MarioLandMod", "MarioLandMod.csproj", "{4699525D-C07A-4888-BEEB-36D17569648E}"
EndProject
Global
	GlobalSection(SolutionConfigurationPlatforms) = preSolution
		Debug|Any CPU = Debug|Any CPU
		Release|Any CPU = Release|Any CPU
	EndGlobalSection
	GlobalSection(ProjectConfigurationPlatforms) = postSolution
		{4699525D-C07A-4888-BEEB-36D17569648E}.Debug|Any CPU.ActiveCfg = Debug|Any CPU
		{4699525D-C07A-4888-BEEB-36D17569648E}.Debug|Any CPU.Build.0 = Debug|Any CPU
		{4699525D-C07A-4888-BEEB-36D17569648E}.Release|Any CPU.ActiveCfg = Release|Any CPU
		{4699525D-C07A-4888-BEEB-36D17569648E}.Release|Any CPU.Build.0 = Release|Any CPU
	EndGlobalSection
	GlobalSection(SolutionProperties) = preSolution
		HideSolutionNode = FALSE
	EndGlobalSection
	GlobalSection(ExtensibilityGlobals) = postSolution
		SolutionGuid = {8DF774B1-9AAF-464B-8005-F5F8729A8301}
	EndGlobalSection
EndGlobal
